{
  "version": 4,
  "terraform_version": "1.15.7",
  "serial": 27,
  "lineage": "960a53b6-1e35-d27f-0d33-582ff132a799",
  "outputs": {
    "github_oicd_policy_json": {
      "value": "{\n  \"Version\": \"2012-10-17\",\n  \"Statement\": [\n    {\n      \"Effect\": \"Allow\",\n      \"Action\": \"sts:AssumeRoleWithWebIdentity\",\n      \"Principal\": {\n        \"Federated\": \"arn:aws:iam::547320736290:oidc-provider/token.actions.githubusercontent.com\"\n      },\n      \"Condition\": {\n        \"StringEquals\": {\n          \"token.actions.githubusercontent.com:aud\": \"sts.amazonaws.com\"\n        },\n        \"StringLike\": {\n          \"token.actions.githubusercontent.com:sub\": \"repo:Carneiro1908/EnterpriseLikeKurbenetes:*\"\n        }\n      }\n    }\n  ]\n}",
      "type": "string"
    }
  },
  "resources": [
    {
      "mode": "data",
      "type": "aws_caller_identity",
      "name": "current",
      "provider": "provider[\"registry.terraform.io/hashicorp/aws\"]",
      "instances": [
        {
          "schema_version": 0,
          "attributes": {
            "account_id": "547320736290",
            "arn": "arn:aws:iam::547320736290:root",
            "id": "547320736290",
            "user_id": "547320736290"
          },
          "sensitive_attributes": [],
          "identity_schema_version": 0
        }
      ]
    },
    {
      "mode": "data",
      "type": "aws_iam_policy_document",
      "name": "github_oidc_assume_role",
      "provider": "provider[\"registry.terraform.io/hashicorp/aws\"]",
      "instances": [
        {
          "schema_version": 0,
          "attributes": {
            "id": "2089838529",
            "json": "{\n  \"Version\": \"2012-10-17\",\n  \"Statement\": [\n    {\n      \"Effect\": \"Allow\",\n      \"Action\": \"sts:AssumeRoleWithWebIdentity\",\n      \"Principal\": {\n        \"Federated\": \"arn:aws:iam::547320736290:oidc-provider/token.actions.githubusercontent.com\"\n      },\n      \"Condition\": {\n        \"StringEquals\": {\n          \"token.actions.githubusercontent.com:aud\": \"sts.amazonaws.com\"\n        },\n        \"StringLike\": {\n          \"token.actions.githubusercontent.com:sub\": \"repo:Carneiro1908/EnterpriseLikeKurbenetes:*\"\n        }\n      }\n    }\n  ]\n}",
            "minified_json": "{\"Version\":\"2012-10-17\",\"Statement\":[{\"Effect\":\"Allow\",\"Action\":\"sts:AssumeRoleWithWebIdentity\",\"Principal\":{\"Federated\":\"arn:aws:iam::547320736290:oidc-provider/token.actions.githubusercontent.com\"},\"Condition\":{\"StringEquals\":{\"token.actions.githubusercontent.com:aud\":\"sts.amazonaws.com\"},\"StringLike\":{\"token.actions.githubusercontent.com:sub\":\"repo:Carneiro1908/EnterpriseLikeKurbenetes:*\"}}}]}",
            "override_json": null,
            "override_policy_documents": null,
            "policy_id": null,
            "source_json": null,
            "source_policy_documents": null,
            "statement": [
              {
                "actions": [
                  "sts:AssumeRoleWithWebIdentity"
                ],
                "condition": [
                  {
                    "test": "StringEquals",
                    "values": [
                      "sts.amazonaws.com"
                    ],
                    "variable": "token.actions.githubusercontent.com:aud"
                  },
                  {
                    "test": "StringLike",
                    "values": [
                      "repo:Carneiro1908/EnterpriseLikeKurbenetes:*"
                    ],
                    "variable": "token.actions.githubusercontent.com:sub"
                  }
                ],
                "effect": "Allow",
                "not_actions": [],
                "not_principals": [],
                "not_resources": [],
                "principals": [
                  {
                    "identifiers": [
                      "arn:aws:iam::547320736290:oidc-provider/token.actions.githubusercontent.com"
                    ],
                    "type": "Federated"
                  }
                ],
                "resources": [],
                "sid": ""
              }
            ],
            "version": "2012-10-17"
          },
          "sensitive_attributes": [],
          "identity_schema_version": 0
        }
      ]
    },
    {
      "mode": "data",
      "type": "tls_certificate",
      "name": "oidc",
      "provider": "provider[\"registry.terraform.io/hashicorp/tls\"]",
      "instances": [
        {
          "schema_version": 0,
          "attributes": {
            "certificates": [
              {
                "cert_pem": "-----BEGIN CERTIFICATE-----\nMIIFBTCCAu2gAwIBAgIQWgDyEtjUtIDzkkFX6imDBTANBgkqhkiG9w0BAQsFADBP\nMQswCQYDVQQGEwJVUzEpMCcGA1UEChMgSW50ZXJuZXQgU2VjdXJpdHkgUmVzZWFy\nY2ggR3JvdXAxFTATBgNVBAMTDElTUkcgUm9vdCBYMTAeFw0yNDAzMTMwMDAwMDBa\nFw0yNzAzMTIyMzU5NTlaMDMxCzAJBgNVBAYTAlVTMRYwFAYDVQQKEw1MZXQncyBF\nbmNyeXB0MQwwCgYDVQQDEwNSMTMwggEiMA0GCSqGSIb3DQEBAQUAA4IBDwAwggEK\nAoIBAQClZ3CN0FaBZBUXYc25BtStGZCMJlA3mBZjklTb2cyEBZPs0+wIG6BgUUNI\nfSvHSJaetC3ancgnO1ehn6vw1g7UDjDKb5ux0daknTI+WE41b0VYaHEX/D7YXYKg\nL7JRbLAaXbhZzjVlyIuhrxA3/+OcXcJJFzT/jCuLjfC8cSyTDB0FxLrHzarJXnzR\nyQH3nAP2/Apd9Np75tt2QnDr9E0i2gB3b9bJXxf92nUupVcM9upctuBzpWjPoXTi\ndYJ+EJ/B9aLrAek4sQpEzNPCifVJNYIKNLMc6YjCR06CDgo28EdPivEpBHXazeGa\nXP9enZiVuppD0EqiFwUBBDDTMrOPAgMBAAGjgfgwgfUwDgYDVR0PAQH/BAQDAgGG\nMB0GA1UdJQQWMBQGCCsGAQUFBwMCBggrBgEFBQcDATASBgNVHRMBAf8ECDAGAQH/\nAgEAMB0GA1UdDgQWBBTnq58PLDOgU9NeT3jIsoQOO9aSMzAfBgNVHSMEGDAWgBR5\ntFnme7bl5AFzgAiIyBpY9umbbjAyBggrBgEFBQcBAQQmMCQwIgYIKwYBBQUHMAKG\nFmh0dHA6Ly94MS5pLmxlbmNyLm9yZy8wEwYDVR0gBAwwCjAIBgZngQwBAgEwJwYD\nVR0fBCAwHjAcoBqgGIYWaHR0cDovL3gxLmMubGVuY3Iub3JnLzANBgkqhkiG9w0B\nAQsFAAOCAgEAUTdYUqEimzW7TbrOypLqCfL7VOwYf/Q79OH5cHLCZeggfQhDconl\nk7Kgh8b0vi+/XuWu7CN8n/UPeg1vo3G+taXirrytthQinAHGwc/UdbOygJa9zuBc\nVyqoH3CXTXDInT+8a+c3aEVMJ2St+pSn4ed+WkDp8ijsijvEyFwE47hulW0Ltzjg\n9fOV5Pmrg/zxWbRuL+k0DBDHEJennCsAen7c35Pmx7jpmJ/HtgRhcnz0yjSBvyIw\n6L1QIupkCv2SBODT/xDD3gfQQyKv6roV4G2EhfEyAsWpmojxjCUCGiyg97FvDtm/\nNK2LSc9lybKxB73I2+P2G3CaWpvvpAiHCVu30jW8GCxKdfhsXtnIy2imskQqVZ2m\n0Pmxobb28Tucr7xBK7CtwvPrb79os7u2XP3O5f9b/H66GNyRrglRXlrYjI1oGYL/\nf4I1n/Sgusda6WvA6C190kxjU15Y12mHU4+BxyR9cx2hhGS9fAjMZKJss28qxvz6\nAxu4CaDmRNZpK/pQrXF17yXCXkmEWgvSOEZy6Z9pcbLIVEGckV/iVeq0AOo2pkg9\np4QRIy0tK2diRENLSF2KysFwbY6B26BFeFs3v1sYVRhFW9nLkOrQVporCS0KyZmf\nwVD89qSTlnctLcZnIavjKsKUu1nA1iU0yYMdYepKR7lWbnwhdx3ewok=\n-----END CERTIFICATE-----\n",
                "is_ca": true,
                "issuer": "CN=ISRG Root X1,O=Internet Security Research Group,C=US",
                "max_path_length": 0,
                "not_after": "2027-03-12T23:59:59Z",
                "not_before": "2024-03-13T00:00:00Z",
                "public_key_algorithm": "RSA",
                "serial_number": "119635429456979344322213464088047616773",
                "sha1_fingerprint": "22ff89586561fc2d52f77491e9f1eff1b80be33e",
                "signature_algorithm": "SHA256-RSA",
                "subject": "CN=R13,O=Let's Encrypt,C=US",
                "version": 3
              },
              {
                "cert_pem": "-----BEGIN CERTIFICATE-----\nMIIGODCCBSCgAwIBAgISBkl0HFXQj/IWarIfFqEXLJuRMA0GCSqGSIb3DQEBCwUA\nMDMxCzAJBgNVBAYTAlVTMRYwFAYDVQQKEw1MZXQncyBFbmNyeXB0MQwwCgYDVQQD\nEwNSMTMwHhcNMjYwNTEyMTQ1NDQzWhcNMjYwODEwMTQ1NDQyWjAqMSgwJgYDVQQD\nDB8qLmFjdGlvbnMuZ2l0aHVidXNlcmNvbnRlbnQuY29tMIICIjANBgkqhkiG9w0B\nAQEFAAOCAg8AMIICCgKCAgEArLpWC9GkquTIAVjQn1wANwct6Q4PJEWCAqzGNTiq\nKuSBym3zWvjT5ZtxHyqrTEvtEPNl2tXYXVHaN9wE+CNbE0yOe6GMI598YnJgv8bm\nO/wIPTWGQ3WsRDzIKlgbzm2G9ek4dgT22tNwt4XAVktTyGbnTZAR8kWrqHfycUDz\nuYmhMgnTv7k98tD+pRaKcJIzuU0ofD6LmbBVQDl6ymPVxTWEdCbk6mQLZAncdjmZ\nh1Ol2IeqYkrAqEY6ofPme57mforaShi4nLR+4nmnMBpfgtddv8jr2GACQG+s4Jid\nel3QVSmvEkwBx0JEnNuaB6cG7Ppq6FCRAbjLDSmEnu9cWim5EMu4BzB9rQYlTEPA\nCdJ3noQpVW6gc3VohB/ydBbNO5T0RhWe2caH4Bw5NXVYX2R01gg01jne65LiaMLA\nWu+tQtQDu1WKEqqWOZ1c7xP5CEEq6EOXiN6lK6Sioz7ZHzXdiNDlBgxSgX69mn0G\n2peZ+rffgDXYdYje1UfjsQOIzxGvNRiWnqQprIVWfx9Jc6YtILHdxuwRxovvkc7K\ndR7IHe46aEWw8sVIM7agwGJTv+bUgUDtmpRBK2o3RmI/8ZxL0GqCJeM615JcbM1A\nDACpxa+opaZ0CDjvM5dtzMPBKeodlShfv9B9y+bCgzav/R7IN/Ei42DeuNCjU+UQ\n5NkCAwEAAaOCAk0wggJJMA4GA1UdDwEB/wQEAwIFoDATBgNVHSUEDDAKBggrBgEF\nBQcDATAMBgNVHRMBAf8EAjAAMB0GA1UdDgQWBBQ4MRr1M/WTJEHSk3W/vyPhk/Hl\nMjAfBgNVHSMEGDAWgBTnq58PLDOgU9NeT3jIsoQOO9aSMzAzBggrBgEFBQcBAQQn\nMCUwIwYIKwYBBQUHMAKGF2h0dHA6Ly9yMTMuaS5sZW5jci5vcmcvMEkGA1UdEQRC\nMECCHyouYWN0aW9ucy5naXRodWJ1c2VyY29udGVudC5jb22CHWFjdGlvbnMuZ2l0\naHVidXNlcmNvbnRlbnQuY29tMBMGA1UdIAQMMAowCAYGZ4EMAQIBMC4GA1UdHwQn\nMCUwI6AhoB+GHWh0dHA6Ly9yMTMuYy5sZW5jci5vcmcvMTguY3JsMIIBDQYKKwYB\nBAHWeQIEAgSB/gSB+wD5AHYAlE5Dh/rswe+B8xkkJqgYZQHH0184AgE/cmd9VTcu\nGdgAAAGeHORx4AAABAMARzBFAiEAhAtF0/9wBzWXX4Tl8GP0AdGZfTiYhrR1vA6w\nXV8+EdcCID87W+6dxroP64PJxkQp96+l3BrIo2rFfX8X3cm2XZ3+AH8AqCbL4wrG\nNRJGUz/gZfFPGdluGQgTxB3ZbXkAsxI8VScAAAGeHOR0AQAIAAAFAAqaWuYEAwBI\nMEYCIQC1f9Ogr+vTiifekFJuoReNuJvF9EsVbpobwcTCUvySzAIhANeSFg7JdWZe\noiVeq9RHBJM+zm0OG+Fbcpo1oQ5cPu3jMA0GCSqGSIb3DQEBCwUAA4IBAQAuSwAe\nP99y2YQyMVQz5nImt+bRuTnu8Kd9MItxCzRHldegRXSUS4venORH7zU8SOachc2h\ntBvK5+JRlRziVPk3mGPT9O8aE+QH2mBGHY5AQBJ4Voe77KXk9d+fCrWROpiXr6H5\nXKPUeQmhPiP/ktJOU0aznVAA+zI+JerKWI1HnU0c9ZOZ/CpaleEAWix1vpLvTHO1\nWLHdP1PV8hrg03vsILsohAZlNRM1FZ0t4LYGgpoVOUrUBD8WcDie1NMyse18PO42\n5YCRm4ZQJ4nQu8UGcxnfm+8ci4YeRVwB/G4d4DoyBNyTM6RxtjHLWJ4y+49BI2Kn\nA2mk/d6P9lEj8fCA\n-----END CERTIFICATE-----\n",
                "is_ca": false,
                "issuer": "CN=R13,O=Let's Encrypt,C=US",
                "max_path_length": -1,
                "not_after": "2026-08-10T14:54:42Z",
                "not_before": "2026-05-12T14:54:43Z",
                "public_key_algorithm": "RSA",
                "serial_number": "547668665948141900064672203667955784653713",
                "sha1_fingerprint": "9514f4ed3c841c96c43def0f0acbf177405ded12",
                "signature_algorithm": "SHA256-RSA",
                "subject": "CN=*.actions.githubusercontent.com",
                "version": 3
              }
            ],
            "content": null,
            "id": "21cc813b647d562789be0cf4f55cd08bc8852f4e",
            "url": "https://token.actions.githubusercontent.com",
            "verify_chain": true
          },
          "sensitive_attributes": [],
          "identity_schema_version": 0
        }
      ]
    },
    {
      "mode": "managed",
      "type": "aws_dynamodb_table",
      "name": "main_bootstrap_table",
      "provider": "provider[\"registry.terraform.io/hashicorp/aws\"]",
      "instances": [
        {
          "schema_version": 1,
          "attributes": {
            "arn": "arn:aws:dynamodb:eu-central-1:547320736290:table/main_bootstrap_table",
            "attribute": [
              {
                "name": "LockID",
                "type": "S"
              }
            ],
            "billing_mode": "PAY_PER_REQUEST",
            "deletion_protection_enabled": false,
            "global_secondary_index": [],
            "global_table_witness": [],
            "hash_key": "LockID",
            "id": "main_bootstrap_table",
            "import_table": [],
            "local_secondary_index": [],
            "name": "main_bootstrap_table",
            "on_demand_throughput": [],
            "point_in_time_recovery": [
              {
                "enabled": true,
                "recovery_period_in_days": 35
              }
            ],
            "range_key": null,
            "read_capacity": 0,
            "region": "eu-central-1",
            "replica": [],
            "restore_backup_arn": null,
            "restore_date_time": null,
            "restore_source_name": null,
            "restore_source_table_arn": null,
            "restore_to_latest_time": null,
            "server_side_encryption": [
              {
                "enabled": true,
                "kms_key_arn": "arn:aws:kms:eu-central-1:547320736290:key/6e02f786-3719-4150-83c9-d5c3c957c3ea"
              }
            ],
            "stream_arn": "",
            "stream_enabled": false,
            "stream_label": "",
            "stream_view_type": "",
            "table_class": "STANDARD",
            "tags": {},
            "tags_all": {},
            "timeouts": null,
            "ttl": [
              {
                "attribute_name": "",
                "enabled": false
              }
            ],
            "warm_throughput": [],
            "write_capacity": 0
          },
          "sensitive_attributes": [],
          "identity_schema_version": 0,
          "identity": {
            "account_id": "547320736290",
            "name": "main_bootstrap_table",
            "region": "eu-central-1"
          },
          "private": "eyJlMmJmYjczMC1lY2FhLTExZTYtOGY4OC0zNDM2M2JjN2M0YzAiOnsiY3JlYXRlIjoxODAwMDAwMDAwMDAwLCJkZWxldGUiOjYwMDAwMDAwMDAwMCwidXBkYXRlIjozNjAwMDAwMDAwMDAwfSwic2NoZW1hX3ZlcnNpb24iOiIxIn0=",
          "dependencies": [
            "aws_kms_key.dynamodb_key"
          ]
        }
      ]
    },
    {
      "mode": "managed",
      "type": "aws_iam_openid_connect_provider",
      "name": "oidc",
      "provider": "provider[\"registry.terraform.io/hashicorp/aws\"]",
      "instances": [
        {
          "schema_version": 0,
          "attributes": {
            "arn": "arn:aws:iam::547320736290:oidc-provider/token.actions.githubusercontent.com",
            "client_id_list": [
              "sts.amazonaws.com"
            ],
            "id": "arn:aws:iam::547320736290:oidc-provider/token.actions.githubusercontent.com",
            "tags": {},
            "tags_all": {},
            "thumbprint_list": [
              "22ff89586561fc2d52f77491e9f1eff1b80be33e"
            ],
            "url": "token.actions.githubusercontent.com"
          },
          "sensitive_attributes": [],
          "identity_schema_version": 0,
          "identity": {
            "arn": "arn:aws:iam::547320736290:oidc-provider/token.actions.githubusercontent.com"
          },
          "private": "bnVsbA==",
          "dependencies": [
            "data.tls_certificate.oidc"
          ]
        }
      ]
    },
    {
      "mode": "managed",
      "type": "aws_iam_policy",
      "name": "dynamodb_policy",
      "provider": "provider[\"registry.terraform.io/hashicorp/aws\"]",
      "instances": [
        {
          "schema_version": 0,
          "attributes": {
            "arn": "arn:aws:iam::547320736290:policy/terraform-bootstrap-dynamodb-policy",
            "attachment_count": 1,
            "delay_after_policy_creation_in_ms": null,
            "description": "Policy to allow access to DynamoDB table for bootstrap",
            "id": "arn:aws:iam::547320736290:policy/terraform-bootstrap-dynamodb-policy",
            "name": "terraform-bootstrap-dynamodb-policy",
            "name_prefix": "",
            "path": "/",
            "policy": "{\"Statement\":[{\"Action\":[\"dynamodb:CreateTable\",\"dynamodb:DeleteTable\",\"dynamodb:DescribeTable\",\"dynamodb:UpdateTable\",\"dynamodb:PutItem\",\"dynamodb:GetItem\",\"dynamodb:DeleteItem\"],\"Effect\":\"Allow\",\"Resource\":[\"*\"]}],\"Version\":\"2012-10-17\"}",
            "policy_id": "ANPAX63W3VIRNT7NCEUMX",
            "tags": {},
            "tags_all": {}
          },
          "sensitive_attributes": [],
          "identity_schema_version": 0,
          "identity": {
            "arn": "arn:aws:iam::547320736290:policy/terraform-bootstrap-dynamodb-policy"
          },
          "private": "bnVsbA=="
        }
      ]
    },
    {
      "mode": "managed",
      "type": "aws_iam_policy",
      "name": "iam_actions_policy",
      "provider": "provider[\"registry.terraform.io/hashicorp/aws\"]",
      "instances": [
        {
          "schema_version": 0,
          "attributes": {
            "arn": "arn:aws:iam::547320736290:policy/terraform-bootstrap-iam-actions-policy",
            "attachment_count": 1,
            "delay_after_policy_creation_in_ms": null,
            "description": "Policy to allow access to IAM actions for bootstrap",
            "id": "arn:aws:iam::547320736290:policy/terraform-bootstrap-iam-actions-policy",
            "name": "terraform-bootstrap-iam-actions-policy",
            "name_prefix": "",
            "path": "/",
            "policy": "{\"Statement\":[{\"Action\":[\"iam:CreateRole\",\"iam:DeleteRole\",\"iam:UpdateRole\",\"iam:UpdateRoleDescription\",\"iam:CreatePolicy\",\"iam:DeletePolicy\",\"iam:AttachRolePolicy\",\"iam:DetachRolePolicy\",\"iam:UpdateAssumeRolePolicy\"],\"Effect\":\"Allow\",\"Resource\":[\"*\"]}],\"Version\":\"2012-10-17\"}",
            "policy_id": "ANPAX63W3VIREXV3J5RI6",
            "tags": {},
            "tags_all": {}
          },
          "sensitive_attributes": [],
          "identity_schema_version": 0,
          "identity": {
            "arn": "arn:aws:iam::547320736290:policy/terraform-bootstrap-iam-actions-policy"
          },
          "private": "bnVsbA=="
        }
      ]
    },
    {
      "mode": "managed",
      "type": "aws_iam_policy",
      "name": "kms_policy",
      "provider": "provider[\"registry.terraform.io/hashicorp/aws\"]",
      "instances": [
        {
          "schema_version": 0,
          "attributes": {
            "arn": "arn:aws:iam::547320736290:policy/terraform-bootstrap-kms-policy",
            "attachment_count": 1,
            "delay_after_policy_creation_in_ms": null,
            "description": "Policy to allow access to KMS for bootstrap",
            "id": "arn:aws:iam::547320736290:policy/terraform-bootstrap-kms-policy",
            "name": "terraform-bootstrap-kms-policy",
            "name_prefix": "",
            "path": "/",
            "policy": "{\"Statement\":[{\"Action\":[\"kms:CreateKey\",\"kms:DescribeKey\",\"kms:ScheduleKeyDeletion\",\"kms:CancelKeyDeletion\",\"kms:EnableKeyRotation\",\"kms:DisableKeyRotation\",\"kms:ListKeys\",\"kms:ListAliases\",\"kms:CreateAlias\",\"kms:Decrypt\",\"kms:GenerateDataKey*\",\"kms:DeleteAlias\"],\"Effect\":\"Allow\",\"Resource\":[\"*\"]}],\"Version\":\"2012-10-17\"}",
            "policy_id": "ANPAX63W3VIRFXVOVHAHY",
            "tags": {},
            "tags_all": {}
          },
          "sensitive_attributes": [],
          "identity_schema_version": 0,
          "identity": {
            "arn": "arn:aws:iam::547320736290:policy/terraform-bootstrap-kms-policy"
          },
          "private": "bnVsbA=="
        }
      ]
    },
    {
      "mode": "managed",
      "type": "aws_iam_policy",
      "name": "s3_policy",
      "provider": "provider[\"registry.terraform.io/hashicorp/aws\"]",
      "instances": [
        {
          "schema_version": 0,
          "attributes": {
            "arn": "arn:aws:iam::547320736290:policy/terraform-bootstrap-s3-policy",
            "attachment_count": 1,
            "delay_after_policy_creation_in_ms": null,
            "description": "Policy to allow access to S3 bucket for bootstrap",
            "id": "arn:aws:iam::547320736290:policy/terraform-bootstrap-s3-policy",
            "name": "terraform-bootstrap-s3-policy",
            "name_prefix": "",
            "path": "/",
            "policy": "{\"Statement\":[{\"Action\":[\"s3:CreateBucket\",\"s3:DeleteBucket\",\"s3:GetObject\",\"s3:DeleteObject\",\"s3:ListBucket\",\"s3:PutObject\"],\"Effect\":\"Allow\",\"Resource\":[\"*\"]}],\"Version\":\"2012-10-17\"}",
            "policy_id": "ANPAX63W3VIRCDAY4RMWX",
            "tags": {},
            "tags_all": {}
          },
          "sensitive_attributes": [],
          "identity_schema_version": 0,
          "identity": {
            "arn": "arn:aws:iam::547320736290:policy/terraform-bootstrap-s3-policy"
          },
          "private": "bnVsbA=="
        }
      ]
    },
    {
      "mode": "managed",
      "type": "aws_iam_role",
      "name": "bootstrap_role",
      "provider": "provider[\"registry.terraform.io/hashicorp/aws\"]",
      "instances": [
        {
          "schema_version": 0,
          "attributes": {
            "arn": "arn:aws:iam::547320736290:role/terraform-bootstrap-role",
            "assume_role_policy": "{\"Statement\":[{\"Action\":\"sts:AssumeRoleWithWebIdentity\",\"Condition\":{\"StringEquals\":{\"token.actions.githubusercontent.com:aud\":\"sts.amazonaws.com\"},\"StringLike\":{\"token.actions.githubusercontent.com:sub\":\"repo:Carneiro1908/EnterpriseLikeKurbenetes:*\"}},\"Effect\":\"Allow\",\"Principal\":{\"Federated\":\"arn:aws:iam::547320736290:oidc-provider/token.actions.githubusercontent.com\"}}],\"Version\":\"2012-10-17\"}",
            "create_date": "2026-07-03T12:46:13Z",
            "description": "",
            "force_detach_policies": false,
            "id": "terraform-bootstrap-role",
            "inline_policy": [],
            "managed_policy_arns": [
              "arn:aws:iam::547320736290:policy/terraform-bootstrap-dynamodb-policy",
              "arn:aws:iam::547320736290:policy/terraform-bootstrap-iam-actions-policy",
              "arn:aws:iam::547320736290:policy/terraform-bootstrap-kms-policy",
              "arn:aws:iam::547320736290:policy/terraform-bootstrap-s3-policy"
            ],
            "max_session_duration": 3600,
            "name": "terraform-bootstrap-role",
            "name_prefix": "",
            "path": "/",
            "permissions_boundary": "",
            "tags": {},
            "tags_all": {},
            "unique_id": "AROAX63W3VIRITGAONOPQ"
          },
          "sensitive_attributes": [],
          "identity_schema_version": 0,
          "identity": {
            "account_id": "547320736290",
            "name": "terraform-bootstrap-role"
          },
          "private": "bnVsbA==",
          "dependencies": [
            "aws_iam_openid_connect_provider.oidc",
            "data.aws_iam_policy_document.github_oidc_assume_role",
            "data.tls_certificate.oidc"
          ]
        }
      ]
    },
    {
      "mode": "managed",
      "type": "aws_iam_role_policy_attachment",
      "name": "dynamodb_policy_attachment",
      "provider": "provider[\"registry.terraform.io/hashicorp/aws\"]",
      "instances": [
        {
          "schema_version": 0,
          "attributes": {
            "id": "terraform-bootstrap-role/arn:aws:iam::547320736290:policy/terraform-bootstrap-dynamodb-policy",
            "policy_arn": "arn:aws:iam::547320736290:policy/terraform-bootstrap-dynamodb-policy",
            "role": "terraform-bootstrap-role"
          },
          "sensitive_attributes": [],
          "identity_schema_version": 0,
          "identity": {
            "account_id": "547320736290",
            "policy_arn": "arn:aws:iam::547320736290:policy/terraform-bootstrap-dynamodb-policy",
            "role": "terraform-bootstrap-role"
          },
          "private": "bnVsbA==",
          "dependencies": [
            "aws_iam_openid_connect_provider.oidc",
            "aws_iam_policy.dynamodb_policy",
            "aws_iam_role.bootstrap_role",
            "data.aws_iam_policy_document.github_oidc_assume_role",
            "data.tls_certificate.oidc"
          ]
        }
      ]
    },
    {
      "mode": "managed",
      "type": "aws_iam_role_policy_attachment",
      "name": "iam_actions_policy_attachment",
      "provider": "provider[\"registry.terraform.io/hashicorp/aws\"]",
      "instances": [
        {
          "schema_version": 0,
          "attributes": {
            "id": "terraform-bootstrap-role/arn:aws:iam::547320736290:policy/terraform-bootstrap-iam-actions-policy",
            "policy_arn": "arn:aws:iam::547320736290:policy/terraform-bootstrap-iam-actions-policy",
            "role": "terraform-bootstrap-role"
          },
          "sensitive_attributes": [],
          "identity_schema_version": 0,
          "identity": {
            "account_id": "547320736290",
            "policy_arn": "arn:aws:iam::547320736290:policy/terraform-bootstrap-iam-actions-policy",
            "role": "terraform-bootstrap-role"
          },
          "private": "bnVsbA==",
          "dependencies": [
            "aws_iam_openid_connect_provider.oidc",
            "aws_iam_policy.iam_actions_policy",
            "aws_iam_role.bootstrap_role",
            "data.aws_iam_policy_document.github_oidc_assume_role",
            "data.tls_certificate.oidc"
          ]
        }
      ]
    },
    {
      "mode": "managed",
      "type": "aws_iam_role_policy_attachment",
      "name": "kms_policy_attachment",
      "provider": "provider[\"registry.terraform.io/hashicorp/aws\"]",
      "instances": [
        {
          "schema_version": 0,
          "attributes": {
            "id": "terraform-bootstrap-role/arn:aws:iam::547320736290:policy/terraform-bootstrap-kms-policy",
            "policy_arn": "arn:aws:iam::547320736290:policy/terraform-bootstrap-kms-policy",
            "role": "terraform-bootstrap-role"
          },
          "sensitive_attributes": [],
          "identity_schema_version": 0,
          "identity": {
            "account_id": "547320736290",
            "policy_arn": "arn:aws:iam::547320736290:policy/terraform-bootstrap-kms-policy",
            "role": "terraform-bootstrap-role"
          },
          "private": "bnVsbA==",
          "dependencies": [
            "aws_iam_openid_connect_provider.oidc",
            "aws_iam_policy.kms_policy",
            "aws_iam_role.bootstrap_role",
            "data.aws_iam_policy_document.github_oidc_assume_role",
            "data.tls_certificate.oidc"
          ]
        }
      ]
    },
    {
      "mode": "managed",
      "type": "aws_iam_role_policy_attachment",
      "name": "s3_policy_attachment",
      "provider": "provider[\"registry.terraform.io/hashicorp/aws\"]",
      "instances": [
        {
          "schema_version": 0,
          "attributes": {
            "id": "terraform-bootstrap-role/arn:aws:iam::547320736290:policy/terraform-bootstrap-s3-policy",
            "policy_arn": "arn:aws:iam::547320736290:policy/terraform-bootstrap-s3-policy",
            "role": "terraform-bootstrap-role"
          },
          "sensitive_attributes": [],
          "identity_schema_version": 0,
          "identity": {
            "account_id": "547320736290",
            "policy_arn": "arn:aws:iam::547320736290:policy/terraform-bootstrap-s3-policy",
            "role": "terraform-bootstrap-role"
          },
          "private": "bnVsbA==",
          "dependencies": [
            "aws_iam_openid_connect_provider.oidc",
            "aws_iam_policy.s3_policy",
            "aws_iam_role.bootstrap_role",
            "data.aws_iam_policy_document.github_oidc_assume_role",
            "data.tls_certificate.oidc"
          ]
        }
      ]
    },
    {
      "mode": "managed",
      "type": "aws_kms_key",
      "name": "dynamodb_key",
      "provider": "provider[\"registry.terraform.io/hashicorp/aws\"]",
      "instances": [
        {
          "schema_version": 0,
          "attributes": {
            "arn": "arn:aws:kms:eu-central-1:547320736290:key/6e02f786-3719-4150-83c9-d5c3c957c3ea",
            "bypass_policy_lockout_safety_check": false,
            "custom_key_store_id": "",
            "customer_master_key_spec": "SYMMETRIC_DEFAULT",
            "deletion_window_in_days": 30,
            "description": "KMS key for DynamoDB encryption",
            "enable_key_rotation": true,
            "id": "6e02f786-3719-4150-83c9-d5c3c957c3ea",
            "is_enabled": true,
            "key_id": "6e02f786-3719-4150-83c9-d5c3c957c3ea",
            "key_usage": "ENCRYPT_DECRYPT",
            "multi_region": false,
            "policy": "{\"Id\":\"key-default-1\",\"Statement\":[{\"Action\":\"kms:*\",\"Effect\":\"Allow\",\"Principal\":{\"AWS\":\"arn:aws:iam::547320736290:root\"},\"Resource\":\"*\",\"Sid\":\"Enable IAM User Permissions\"}],\"Version\":\"2012-10-17\"}",
            "region": "eu-central-1",
            "rotation_period_in_days": 365,
            "tags": {},
            "tags_all": {},
            "timeouts": null,
            "xks_key_id": ""
          },
          "sensitive_attributes": [],
          "identity_schema_version": 0,
          "identity": {
            "account_id": "547320736290",
            "id": "6e02f786-3719-4150-83c9-d5c3c957c3ea",
            "region": "eu-central-1"
          },
          "private": "eyJlMmJmYjczMC1lY2FhLTExZTYtOGY4OC0zNDM2M2JjN2M0YzAiOnsiY3JlYXRlIjoxMjAwMDAwMDAwMDB9fQ=="
        }
      ]
    },
    {
      "mode": "managed",
      "type": "aws_s3_bucket",
      "name": "main_bootstrap_bucket",
      "provider": "provider[\"registry.terraform.io/hashicorp/aws\"]",
      "instances": [
        {
          "schema_version": 0,
          "attributes": {
            "acceleration_status": "",
            "acl": null,
            "arn": "arn:aws:s3:::terraform-main-bootstrap-bucket-547320736290-eu-central-1",
            "bucket": "terraform-main-bootstrap-bucket-547320736290-eu-central-1",
            "bucket_domain_name": "terraform-main-bootstrap-bucket-547320736290-eu-central-1.s3.amazonaws.com",
            "bucket_namespace": "global",
            "bucket_prefix": "",
            "bucket_region": "eu-central-1",
            "bucket_regional_domain_name": "terraform-main-bootstrap-bucket-547320736290-eu-central-1.s3.eu-central-1.amazonaws.com",
            "cors_rule": [],
            "force_destroy": false,
            "grant": [
              {
                "id": "5ebcbb24da1970b62cdd87478763bb0cc7edd303cbf3d780525390f457aefd79",
                "permissions": [
                  "FULL_CONTROL"
                ],
                "type": "CanonicalUser",
                "uri": ""
              }
            ],
            "hosted_zone_id": "Z21DNDUVLTQW6Q",
            "id": "terraform-main-bootstrap-bucket-547320736290-eu-central-1",
            "lifecycle_rule": [],
            "logging": [],
            "object_lock_configuration": [],
            "object_lock_enabled": false,
            "policy": "",
            "region": "eu-central-1",
            "replication_configuration": [],
            "request_payer": "BucketOwner",
            "server_side_encryption_configuration": [
              {
                "rule": [
                  {
                    "apply_server_side_encryption_by_default": [
                      {
                        "kms_master_key_id": "",
                        "sse_algorithm": "AES256"
                      }
                    ],
                    "bucket_key_enabled": false
                  }
                ]
              }
            ],
            "tags": {},
            "tags_all": {},
            "timeouts": null,
            "versioning": [
              {
                "enabled": true,
                "mfa_delete": false
              }
            ],
            "website": [],
            "website_domain": null,
            "website_endpoint": null
          },
          "sensitive_attributes": [],
          "identity_schema_version": 0,
          "identity": {
            "account_id": "547320736290",
            "bucket": "terraform-main-bootstrap-bucket-547320736290-eu-central-1",
            "region": "eu-central-1"
          },
          "private": "eyJlMmJmYjczMC1lY2FhLTExZTYtOGY4OC0zNDM2M2JjN2M0YzAiOnsiY3JlYXRlIjoxMjAwMDAwMDAwMDAwLCJkZWxldGUiOjM2MDAwMDAwMDAwMDAsInJlYWQiOjEyMDAwMDAwMDAwMDAsInVwZGF0ZSI6MTIwMDAwMDAwMDAwMH19",
          "dependencies": [
            "data.aws_caller_identity.current"
          ]
        }
      ]
    },
    {
      "mode": "managed",
      "type": "aws_s3_bucket_public_access_block",
      "name": "main_bootstrap_bucket_block",
      "provider": "provider[\"registry.terraform.io/hashicorp/aws\"]",
      "instances": [
        {
          "schema_version": 0,
          "attributes": {
            "block_public_acls": true,
            "block_public_policy": true,
            "bucket": "terraform-main-bootstrap-bucket-547320736290-eu-central-1",
            "id": "terraform-main-bootstrap-bucket-547320736290-eu-central-1",
            "ignore_public_acls": true,
            "region": "eu-central-1",
            "restrict_public_buckets": true,
            "skip_destroy": null
          },
          "sensitive_attributes": [],
          "identity_schema_version": 0,
          "identity": {
            "account_id": "547320736290",
            "bucket": "terraform-main-bootstrap-bucket-547320736290-eu-central-1",
            "region": "eu-central-1"
          },
          "private": "bnVsbA==",
          "dependencies": [
            "aws_s3_bucket.main_bootstrap_bucket",
            "data.aws_caller_identity.current"
          ]
        }
      ]
    },
    {
      "mode": "managed",
      "type": "aws_s3_bucket_server_side_encryption_configuration",
      "name": "main_bootstrap_bucket_encryption",
      "provider": "provider[\"registry.terraform.io/hashicorp/aws\"]",
      "instances": [
        {
          "schema_version": 0,
          "attributes": {
            "bucket": "terraform-main-bootstrap-bucket-547320736290-eu-central-1",
            "expected_bucket_owner": "",
            "id": "terraform-main-bootstrap-bucket-547320736290-eu-central-1",
            "region": "eu-central-1",
            "rule": [
              {
                "apply_server_side_encryption_by_default": [
                  {
                    "kms_master_key_id": "",
                    "sse_algorithm": "AES256"
                  }
                ],
                "blocked_encryption_types": [
                  "SSE-C"
                ],
                "bucket_key_enabled": false
              }
            ]
          },
          "sensitive_attributes": [],
          "identity_schema_version": 1,
          "identity": {
            "account_id": "547320736290",
            "bucket": "terraform-main-bootstrap-bucket-547320736290-eu-central-1",
            "region": "eu-central-1"
          },
          "private": "bnVsbA==",
          "dependencies": [
            "aws_s3_bucket.main_bootstrap_bucket",
            "data.aws_caller_identity.current"
          ]
        }
      ]
    },
    {
      "mode": "managed",
      "type": "aws_s3_bucket_versioning",
      "name": "main_bootstrap_bucket_versioning",
      "provider": "provider[\"registry.terraform.io/hashicorp/aws\"]",
      "instances": [
        {
          "schema_version": 0,
          "attributes": {
            "bucket": "terraform-main-bootstrap-bucket-547320736290-eu-central-1",
            "expected_bucket_owner": "",
            "id": "terraform-main-bootstrap-bucket-547320736290-eu-central-1",
            "mfa": null,
            "region": "eu-central-1",
            "versioning_configuration": [
              {
                "mfa_delete": "Disabled",
                "status": "Enabled"
              }
            ]
          },
          "sensitive_attributes": [],
          "identity_schema_version": 1,
          "identity": {
            "account_id": "547320736290",
            "bucket": "terraform-main-bootstrap-bucket-547320736290-eu-central-1",
            "region": "eu-central-1"
          },
          "private": "bnVsbA==",
          "dependencies": [
            "aws_s3_bucket.main_bootstrap_bucket",
            "data.aws_caller_identity.current"
          ]
        }
      ]
    }
  ],
  "check_results": null
}
